// !$*UTF8*$!
{
	archiveVersion = 1;
	classes = {
	};
	objectVersion = 55;
	objects = {

/* Begin PBXBuildFile section */
		0C34A94B170456900081F128 /* Pods_Firebase_new.framework in Frameworks */ = {isa = PBXBuildFile; fileRef = B525110E8C0B3FDF25A16275 /* Pods_Firebase_new.framework */; };
		8128D058290FFDAF00AB8406 /* CategoryModel.swift in Sources */ = {isa = PBXBuildFile; fileRef = 8128D057290FFDAF00AB8406 /* CategoryModel.swift */; };
		8136E874292152C400D9C967 /* FunctionsClass.swift in Sources */ = {isa = PBXBuildFile; fileRef = 8136E873292152C400D9C967 /* FunctionsClass.swift */; };
		8149BC1728BCE43F00F7895E /* Questions.swift in Sources */ = {isa = PBXBuildFile; fileRef = 8149BC1628BCE43F00F7895E /* Questions.swift */; };
		8149BC1928BCE4B500F7895E /* QuestionModel.swift in Sources */ = {isa = PBXBuildFile; fileRef = 8149BC1828BCE4B500F7895E /* QuestionModel.swift */; };
		814ECC702928FA5700822F1B /* InterestsModel.swift in Sources */ = {isa = PBXBuildFile; fileRef = 814ECC6F2928FA5700822F1B /* InterestsModel.swift */; };
		8153260728FACFEC00444B28 /* WellbeingModel.swift in Sources */ = {isa = PBXBuildFile; fileRef = 8153260628FACFEC00444B28 /* WellbeingModel.swift */; };
		8153260928FAD5C100444B28 /* UploadMeasurementButton.swift in Sources */ = {isa = PBXBuildFile; fileRef = 8153260828FAD5C100444B28 /* UploadMeasurementButton.swift */; };
		81E2F5C02814611A0061B289 /* Firebase_newApp.swift in Sources */ = {isa = PBXBuildFile; fileRef = 81E2F5BF2814611A0061B289 /* Firebase_newApp.swift */; };
		81E2F5C22814611A0061B289 /* ContentView.swift in Sources */ = {isa = PBXBuildFile; fileRef = 81E2F5C12814611A0061B289 /* ContentView.swift */; };
		81E2F5C42814611A0061B289 /* Assets.xcassets in Resources */ = {isa = PBXBuildFile; fileRef = 81E2F5C32814611A0061B289 /* Assets.xcassets */; };
		81E2F5C72814611A0061B289 /* Preview Assets.xcassets in Resources */ = {isa = PBXBuildFile; fileRef = 81E2F5C62814611A0061B289 /* Preview Assets.xcassets */; };
		81E2F5CE281461950061B289 /* GoogleService-Info.plist in Resources */ = {isa = PBXBuildFile; fileRef = 81E2F5CD281461940061B289 /* GoogleService-Info.plist */; };
		81E2F5D0281593D70061B289 /* ViewModel.swift in Sources */ = {isa = PBXBuildFile; fileRef = 81E2F5CF281593D70061B289 /* ViewModel.swift */; };
		81E2F5D2281595E10061B289 /* Habit_Categories.swift in Sources */ = {isa = PBXBuildFile; fileRef = 81E2F5D1281595E10061B289 /* Habit_Categories.swift */; };
		81E2F5DB281DC04A0061B289 /* UserModel.swift in Sources */ = {isa = PBXBuildFile; fileRef = 81E2F5DA281DC04A0061B289 /* UserModel.swift */; };
		81E2F5DD281DC0BA0061B289 /* Users.swift in Sources */ = {isa = PBXBuildFile; fileRef = 81E2F5DC281DC0BA0061B289 /* Users.swift */; };
/* End PBXBuildFile section */

/* Begin PBXFileReference section */
		2273CA539CC6BE4D1088F3F0 /* Pods-Firebase_new.debug.xcconfig */ = {isa = PBXFileReference; includeInIndex = 1; lastKnownFileType = text.xcconfig; name = "Pods-Firebase_new.debug.xcconfig"; path = "Target Support Files/Pods-Firebase_new/Pods-Firebase_new.debug.xcconfig"; sourceTree = "<group>"; };
		640C897F1D461BCE6DE3C199 /* Pods-Firebase_new.release.xcconfig */ = {isa = PBXFileReference; includeInIndex = 1; lastKnownFileType = text.xcconfig; name = "Pods-Firebase_new.release.xcconfig"; path = "Target Support Files/Pods-Firebase_new/Pods-Firebase_new.release.xcconfig"; sourceTree = "<group>"; };
		8128D057290FFDAF00AB8406 /* CategoryModel.swift */ = {isa = PBXFileReference; lastKnownFileType = sourcecode.swift; path = CategoryModel.swift; sourceTree = "<group>"; };
		8136E873292152C400D9C967 /* FunctionsClass.swift */ = {isa = PBXFileReference; lastKnownFileType = sourcecode.swift; path = FunctionsClass.swift; sourceTree = "<group>"; };
		8149BC1628BCE43F00F7895E /* Questions.swift */ = {isa = PBXFileReference; lastKnownFileType = sourcecode.swift; path = Questions.swift; sourceTree = "<group>"; };
		8149BC1828BCE4B500F7895E /* QuestionModel.swift */ = {isa = PBXFileReference; lastKnownFileType = sourcecode.swift; path = QuestionModel.swift; sourceTree = "<group>"; };
		814ECC6F2928FA5700822F1B /* InterestsModel.swift */ = {isa = PBXFileReference; lastKnownFileType = sourcecode.swift; path = InterestsModel.swift; sourceTree = "<group>"; };
		8153260628FACFEC00444B28 /* WellbeingModel.swift */ = {isa = PBXFileReference; lastKnownFileType = sourcecode.swift; path = WellbeingModel.swift; sourceTree = "<group>"; };
		8153260828FAD5C100444B28 /* UploadMeasurementButton.swift */ = {isa = PBXFileReference; lastKnownFileType = sourcecode.swift; path = UploadMeasurementButton.swift; sourceTree = "<group>"; };
		81E2F5BC2814611A0061B289 /* Firebase_new.app */ = {isa = PBXFileReference; explicitFileType = wrapper.application; includeInIndex = 0; path = Firebase_new.app; sourceTree = BUILT_PRODUCTS_DIR; };
		81E2F5BF2814611A0061B289 /* Firebase_newApp.swift */ = {isa = PBXFileReference; lastKnownFileType = sourcecode.swift; path = Firebase_newApp.swift; sourceTree = "<group>"; };
		81E2F5C12814611A0061B289 /* ContentView.swift */ = {isa = PBXFileReference; lastKnownFileType = sourcecode.swift; path = ContentView.swift; sourceTree = "<group>"; };
		81E2F5C32814611A0061B289 /* Assets.xcassets */ = {isa = PBXFileReference; lastKnownFileType = folder.assetcatalog; path = Assets.xcassets; sourceTree = "<group>"; };
		81E2F5C62814611A0061B289 /* Preview Assets.xcassets */ = {isa = PBXFileReference; lastKnownFileType = folder.assetcatalog; path = "Preview Assets.xcassets"; sourceTree = "<group>"; };
		81E2F5CD281461940061B289 /* GoogleService-Info.plist */ = {isa = PBXFileReference; fileEncoding = 4; lastKnownFileType = text.plist.xml; path = "GoogleService-Info.plist"; sourceTree = "<group>"; };
		81E2F5CF281593D70061B289 /* ViewModel.swift */ = {isa = PBXFileReference; lastKnownFileType = sourcecode.swift; path = ViewModel.swift; sourceTree = "<group>"; };
		81E2F5D1281595E10061B289 /* Habit_Categories.swift */ = {isa = PBXFileReference; lastKnownFileType = sourcecode.swift; path = Habit_Categories.swift; sourceTree = "<group>"; };
		81E2F5DA281DC04A0061B289 /* UserModel.swift */ = {isa = PBXFileReference; lastKnownFileType = sourcecode.swift; path = UserModel.swift; sourceTree = "<group>"; };
		81E2F5DC281DC0BA0061B289 /* Users.swift */ = {isa = PBXFileReference; lastKnownFileType = sourcecode.swift; path = Users.swift; sourceTree = "<group>"; };
		B525110E8C0B3FDF25A16275 /* Pods_Firebase_new.framework */ = {isa = PBXFileReference; explicitFileType = wrapper.framework; includeInIndex = 0; path = Pods_Firebase_new.framework; sourceTree = BUILT_PRODUCTS_DIR; };
/* End PBXFileReference section */

/* Begin PBXFrameworksBuildPhase section */
		81E2F5B92814611A0061B289 /* Frameworks */ = {
			isa = PBXFrameworksBuildPhase;
			buildActionMask = 2147483647;
			files = (
				0C34A94B170456900081F128 /* Pods_Firebase_new.framework in Frameworks */,
			);
			runOnlyForDeploymentPostprocessing = 0;
		};
/* End PBXFrameworksBuildPhase section */

/* Begin PBXGroup section */
		6B7D9F3A54AD5F086E8A6124 /* Frameworks */ = {
			isa = PBXGroup;
			children = (
				B525110E8C0B3FDF25A16275 /* Pods_Firebase_new.framework */,
			);
			name = Frameworks;
			sourceTree = "<group>";
		};
		81E2F5B32814611A0061B289 = {
			isa = PBXGroup;
			children = (
				81E2F5D3281595F40061B289 /* Models */,
				81E2F5BE2814611A0061B289 /* Firebase_new */,
				81E2F5BD2814611A0061B289 /* Products */,
				87BEBC313CD763878F20AB81 /* Pods */,
				6B7D9F3A54AD5F086E8A6124 /* Frameworks */,
			);
			sourceTree = "<group>";
		};
		81E2F5BD2814611A0061B289 /* Products */ = {
			isa = PBXGroup;
			children = (
				81E2F5BC2814611A0061B289 /* Firebase_new.app */,
			);
			name = Products;
			sourceTree = "<group>";
		};
		81E2F5BE2814611A0061B289 /* Firebase_new */ = {
			isa = PBXGroup;
			children = (
				81E2F5CD281461940061B289 /* GoogleService-Info.plist */,
				81E2F5BF2814611A0061B289 /* Firebase_newApp.swift */,
				81E2F5C12814611A0061B289 /* ContentView.swift */,
				8153260828FAD5C100444B28 /* UploadMeasurementButton.swift */,
				81E2F5CF281593D70061B289 /* ViewModel.swift */,
				8136E873292152C400D9C967 /* FunctionsClass.swift */,
				8149BC1828BCE4B500F7895E /* QuestionModel.swift */,
				8128D057290FFDAF00AB8406 /* CategoryModel.swift */,
				814ECC6F2928FA5700822F1B /* InterestsModel.swift */,
				8153260628FACFEC00444B28 /* WellbeingModel.swift */,
				81E2F5DC281DC0BA0061B289 /* Users.swift */,
				81E2F5DA281DC04A0061B289 /* UserModel.swift */,
				81E2F5C32814611A0061B289 /* Assets.xcassets */,
				81E2F5C52814611A0061B289 /* Preview Content */,
			);
			path = Firebase_new;
			sourceTree = "<group>";
		};
		81E2F5C52814611A0061B289 /* Preview Content */ = {
			isa = PBXGroup;
			children = (
				81E2F5C62814611A0061B289 /* Preview Assets.xcassets */,
			);
			path = "Preview Content";
			sourceTree = "<group>";
		};
		81E2F5D3281595F40061B289 /* Models */ = {
			isa = PBXGroup;
			children = (
				81E2F5D1281595E10061B289 /* Habit_Categories.swift */,
				8149BC1628BCE43F00F7895E /* Questions.swift */,
			);
			path = Models;
			sourceTree = "<group>";
		};
		87BEBC313CD763878F20AB81 /* Pods */ = {
			isa = PBXGroup;
			children = (
				2273CA539CC6BE4D1088F3F0 /* Pods-Firebase_new.debug.xcconfig */,
				640C897F1D461BCE6DE3C199 /* Pods-Firebase_new.release.xcconfig */,
			);
			path = Pods;
			sourceTree = "<group>";
		};
/* End PBXGroup section */

/* Begin PBXNativeTarget section */
		81E2F5BB2814611A0061B289 /* Firebase_new */ = {
			isa = PBXNativeTarget;
			buildConfigurationList = 81E2F5CA2814611A0061B289 /* Build configuration list for PBXNativeTarget "Firebase_new" */;
			buildPhases = (
				575287E2F412AA91B4B8049B /* [CP] Check Pods Manifest.lock */,
				81E2F5B82814611A0061B289 /* Sources */,
				81E2F5B92814611A0061B289 /* Frameworks */,
				81E2F5BA2814611A0061B289 /* Resources */,
				B1A0D17AA025757C5F089F08 /* [CP] Embed Pods Frameworks */,
			);
			buildRules = (
			);
			dependencies = (
			);
			name = Firebase_new;
			productName = Firebase_new;
			productReference = 81E2F5BC2814611A0061B289 /* Firebase_new.app */;
			productType = "com.apple.product-type.application";
		};
/* End PBXNativeTarget section */

/* Begin PBXProject section */
		81E2F5B42814611A0061B289 /* Project object */ = {
			isa = PBXProject;
			attributes = {
				BuildIndependentTargetsInParallel = 1;
				LastSwiftUpdateCheck = 1320;
				LastUpgradeCheck = 1320;
				TargetAttributes = {
					81E2F5BB2814611A0061B289 = {
						CreatedOnToolsVersion = 13.2.1;
					};
				};
			};
			buildConfigurationList = 81E2F5B72814611A0061B289 /* Build configuration list for PBXProject "Firebase_new" */;
			compatibilityVersion = "Xcode 13.0";
			developmentRegion = en;
			hasScannedForEncodings = 0;
			knownRegions = (
				en,
				Base,
			);
			mainGroup = 81E2F5B32814611A0061B289;
			productRefGroup = 81E2F5BD2814611A0061B289 /* Products */;
			projectDirPath = "";
			projectRoot = "";
			targets = (
				81E2F5BB2814611A0061B289 /* Firebase_new */,
			);
		};
/* End PBXProject section */

/* Begin PBXResourcesBuildPhase section */
		81E2F5BA2814611A0061B289 /* Resources */ = {
			isa = PBXResourcesBuildPhase;
			buildActionMask = 2147483647;
			files = (
				81E2F5C72814611A0061B289 /* Preview Assets.xcassets in Resources */,
				81E2F5CE281461950061B289 /* GoogleService-Info.plist in Resources */,
				81E2F5C42814611A0061B289 /* Assets.xcassets in Resources */,
			);
			runOnlyForDeploymentPostprocessing = 0;
		};
/* End PBXResourcesBuildPhase section */

/* Begin PBXShellScriptBuildPhase section */
		575287E2F412AA91B4B8049B /* [CP] Check Pods Manifest.lock */ = {
			isa = PBXShellScriptBuildPhase;
			buildActionMask = 2147483647;
			files = (
			);
			inputFileListPaths = (
			);
			inputPaths = (
				"${PODS_PODFILE_DIR_PATH}/Podfile.lock",
				"${PODS_ROOT}/Manifest.lock",
			);
			name = "[CP] Check Pods Manifest.lock";
			outputFileListPaths = (
			);
			outputPaths = (
				"$(DERIVED_FILE_DIR)/Pods-Firebase_new-checkManifestLockResult.txt",
			);
			runOnlyForDeploymentPostprocessing = 0;
			shellPath = /bin/sh;
			shellScript = "diff \"${PODS_PODFILE_DIR_PATH}/Podfile.lock\" \"${PODS_ROOT}/Manifest.lock\" > /dev/null\nif [ $? != 0 ] ; then\n    # print error to STDERR\n    echo \"error: The sandbox is not in sync with the Podfile.lock. Run 'pod install' or update your CocoaPods installation.\" >&2\n    exit 1\nfi\n# This output is used by Xcode 'outputs' to avoid re-running this script phase.\necho \"SUCCESS\" > \"${SCRIPT_OUTPUT_FILE_0}\"\n";
			showEnvVarsInLog = 0;
		};
		B1A0D17AA025757C5F089F08 /* [CP] Embed Pods Frameworks */ = {
			isa = PBXShellScriptBuildPhase;
			buildActionMask = 2147483647;
			files = (
			);
			inputFileListPaths = (
				"${PODS_ROOT}/Target Support Files/Pods-Firebase_new/Pods-Firebase_new-frameworks-${CONFIGURATION}-input-files.xcfilelist",
			);
			name = "[CP] Embed Pods Frameworks";
			outputFileListPaths = (
				"${PODS_ROOT}/Target Support Files/Pods-Firebase_new/Pods-Firebase_new-frameworks-${CONFIGURATION}-output-files.xcfilelist",
			);
			runOnlyForDeploymentPostprocessing = 0;
			shellPath = /bin/sh;
			shellScript = "\"${PODS_ROOT}/Target Support Files/Pods-Firebase_new/Pods-Firebase_new-frameworks.sh\"\n";
			showEnvVarsInLog = 0;
		};
/* End PBXShellScriptBuildPhase section */

/* Begin PBXSourcesBuildPhase section */
		81E2F5B82814611A0061B289 /* Sources */ = {
			isa = PBXSourcesBuildPhase;
			buildActionMask = 2147483647;
			files = (
				81E2F5C22814611A0061B289 /* ContentView.swift in Sources */,
				8153260928FAD5C100444B28 /* UploadMeasurementButton.swift in Sources */,
				81E2F5D0281593D70061B289 /* ViewModel.swift in Sources */,
				8153260728FACFEC00444B28 /* WellbeingModel.swift in Sources */,
				81E2F5C02814611A0061B289 /* Firebase_newApp.swift in Sources */,
				8149BC1728BCE43F00F7895E /* Questions.swift in Sources */,
				814ECC702928FA5700822F1B /* InterestsModel.swift in Sources */,
				8136E874292152C400D9C967 /* FunctionsClass.swift in Sources */,
				81E2F5D2281595E10061B289 /* Habit_Categories.swift in Sources */,
				8128D058290FFDAF00AB8406 /* CategoryModel.swift in Sources */,
				81E2F5DD281DC0BA0061B289 /* Users.swift in Sources */,
				81E2F5DB281DC04A0061B289 /* UserModel.swift in Sources */,
				8149BC1928BCE4B500F7895E /* QuestionModel.swift in Sources */,
			);
			runOnlyForDeploymentPostprocessing = 0;
		};
/* End PBXSourcesBuildPhase section */

/* Begin XCBuildConfiguration section */
		81E2F5C82814611A0061B289 /* Debug */ = {
			isa = XCBuildConfiguration;
			buildSettings = {
				ALWAYS_SEARCH_USER_PATHS = NO;
				CLANG_ANALYZER_NONNULL = YES;
				CLANG_ANALYZER_NUMBER_OBJECT_CONVERSION = YES_AGGRESSIVE;
				CLANG_CXX_LANGUAGE_STANDARD = "gnu++17";
				CLANG_CXX_LIBRARY = "libc++";
				CLANG_ENABLE_MODULES = YES;
				CLANG_ENABLE_OBJC_ARC = YES;
				CLANG_ENABLE_OBJC_WEAK = YES;
				CLANG_WARN_BLOCK_CAPTURE_AUTORELEASING = YES;
				CLANG_WARN_BOOL_CONVERSION = YES;
				CLANG_WARN_COMMA = YES;
				CLANG_WARN_CONSTANT_CONVERSION = YES;
				CLANG_WARN_DEPRECATED_OBJC_IMPLEMENTATIONS = YES;
				CLANG_WARN_DIRECT_OBJC_ISA_USAGE = YES_ERROR;
				CLANG_WARN_DOCUMENTATION_COMMENTS = YES;
				CLANG_WARN_EMPTY_BODY = YES;
				CLANG_WARN_ENUM_CONVERSION = YES;
				CLANG_WARN_INFINITE_RECURSION = YES;
				CLANG_WARN_INT_CONVERSION = YES;
				CLANG_WARN_NON_LITERAL_NULL_CONVERSION = YES;
				CLANG_WARN_OBJC_IMPLICIT_RETAIN_SELF = YES;
				CLANG_WARN_OBJC_LITERAL_CONVERSION = YES;
				CLANG_WARN_OBJC_ROOT_CLASS = YES_ERROR;
				CLANG_WARN_QUOTED_INCLUDE_IN_FRAMEWORK_HEADER = YES;
				CLANG_WARN_RANGE_LOOP_ANALYSIS = YES;
				CLANG_WARN_STRICT_PROTOTYPES = YES;
				CLANG_WARN_SUSPICIOUS_MOVE = YES;
				CLANG_WARN_UNGUARDED_AVAILABILITY = YES_AGGRESSIVE;
				CLANG_WARN_UNREACHABLE_CODE = YES;
				CLANG_WARN__DUPLICATE_METHOD_MATCH = YES;
				COPY_PHASE_STRIP = NO;
				DEBUG_INFORMATION_FORMAT = dwarf;
				ENABLE_STRICT_OBJC_MSGSEND = YES;
				ENABLE_TESTABILITY = YES;
				GCC_C_LANGUAGE_STANDARD = gnu11;
				GCC_DYNAMIC_NO_PIC = NO;
				GCC_NO_COMMON_BLOCKS = YES;
				GCC_OPTIMIZATION_LEVEL = 0;
				GCC_PREPROCESSOR_DEFINITIONS = (
					"DEBUG=1",
					"$(inherited)",
				);
				GCC_WARN_64_TO_32_BIT_CONVERSION = YES;
				GCC_WARN_ABOUT_RETURN_TYPE = YES_ERROR;
				GCC_WARN_UNDECLARED_SELECTOR = YES;
				GCC_WARN_UNINITIALIZED_AUTOS = YES_AGGRESSIVE;
				GCC_WARN_UNUSED_FUNCTION = YES;
				GCC_WARN_UNUSED_VARIABLE = YES;
				IPHONEOS_DEPLOYMENT_TARGET = 15.2;
				MTL_ENABLE_DEBUG_INFO = INCLUDE_SOURCE;
				MTL_FAST_MATH = YES;
				ONLY_ACTIVE_ARCH = YES;
				SDKROOT = iphoneos;
				SWIFT_ACTIVE_COMPILATION_CONDITIONS = DEBUG;
				SWIFT_OPTIMIZATION_LEVEL = "-Onone";
			};
			name = Debug;
		};
		81E2F5C92814611A0061B289 /* Release */ = {
			isa = XCBuildConfiguration;
			buildSettings = {
				ALWAYS_SEARCH_USER_PATHS = NO;
				CLANG_ANALYZER_NONNULL = YES;
				CLANG_ANALYZER_NUMBER_OBJECT_CONVERSION = YES_AGGRESSIVE;
				CLANG_CXX_LANGUAGE_STANDARD = "gnu++17";
				CLANG_CXX_LIBRARY = "libc++";
				CLANG_ENABLE_MODULES = YES;
				CLANG_ENABLE_OBJC_ARC = YES;
				CLANG_ENABLE_OBJC_WEAK = YES;
				CLANG_WARN_BLOCK_CAPTURE_AUTORELEASING = YES;
				CLANG_WARN_BOOL_CONVERSION = YES;
				CLANG_WARN_COMMA = YES;
				CLANG_WARN_CONSTANT_CONVERSION = YES;
				CLANG_WARN_DEPRECATED_OBJC_IMPLEMENTATIONS = YES;
				CLANG_WARN_DIRECT_OBJC_ISA_USAGE = YES_ERROR;
				CLANG_WARN_DOCUMENTATION_COMMENTS = YES;
				CLANG_WARN_EMPTY_BODY = YES;
				CLANG_WARN_ENUM_CONVERSION = YES;
				CLANG_WARN_INFINITE_RECURSION = YES;
				CLANG_WARN_INT_CONVERSION = YES;
				CLANG_WARN_NON_LITERAL_NULL_CONVERSION = YES;
				CLANG_WARN_OBJC_IMPLICIT_RETAIN_SELF = YES;
				CLANG_WARN_OBJC_LITERAL_CONVERSION = YES;
				CLANG_WARN_OBJC_ROOT_CLASS = YES_ERROR;
				CLANG_WARN_QUOTED_INCLUDE_IN_FRAMEWORK_HEADER = YES;
				CLANG_WARN_RANGE_LOOP_ANALYSIS = YES;
				CLANG_WARN_STRICT_PROTOTYPES = YES;
				CLANG_WARN_SUSPICIOUS_MOVE = YES;
				CLANG_WARN_UNGUARDED_AVAILABILITY = YES_AGGRESSIVE;
				CLANG_WARN_UNREACHABLE_CODE = YES;
				CLANG_WARN__DUPLICATE_METHOD_MATCH = YES;
				COPY_PHASE_STRIP = NO;
				DEBUG_INFORMATION_FORMAT = "dwarf-with-dsym";
				ENABLE_NS_ASSERTIONS = NO;
				ENABLE_STRICT_OBJC_MSGSEND = YES;
				GCC_C_LANGUAGE_STANDARD = gnu11;
				GCC_NO_COMMON_BLOCKS = YES;
				GCC_WARN_64_TO_32_BIT_CONVERSION = YES;
				GCC_WARN_ABOUT_RETURN_TYPE = YES_ERROR;
				GCC_WARN_UNDECLARED_SELECTOR = YES;
				GCC_WARN_UNINITIALIZED_AUTOS = YES_AGGRESSIVE;
				GCC_WARN_UNUSED_FUNCTION = YES;
				GCC_WARN_UNUSED_VARIABLE = YES;
				IPHONEOS_DEPLOYMENT_TARGET = 15.2;
				MTL_ENABLE_DEBUG_INFO = NO;
				MTL_FAST_MATH = YES;
				SDKROOT = iphoneos;
				SWIFT_COMPILATION_MODE = wholemodule;
				SWIFT_OPTIMIZATION_LEVEL = "-O";
				VALIDATE_PRODUCT = YES;
			};
			name = Release;
		};
		81E2F5CB2814611A0061B289 /* Debug */ = {
			isa = XCBuildConfiguration;
			baseConfigurationReference = 2273CA539CC6BE4D1088F3F0 /* Pods-Firebase_new.debug.xcconfig */;
			buildSettings = {
				ASSETCATALOG_COMPILER_APPICON_NAME = AppIcon;
				ASSETCATALOG_COMPILER_GLOBAL_ACCENT_COLOR_NAME = AccentColor;
				CODE_SIGN_STYLE = Automatic;
				CURRENT_PROJECT_VERSION = 1;
				DEVELOPMENT_ASSET_PATHS = "\"Firebase_new/Preview Content\"";
				DEVELOPMENT_TEAM = NV6J4U7XBC;
				ENABLE_PREVIEWS = YES;
				GENERATE_INFOPLIST_FILE = YES;
				INFOPLIST_KEY_UIApplicationSceneManifest_Generation = YES;
				INFOPLIST_KEY_UIApplicationSupportsIndirectInputEvents = YES;
				INFOPLIST_KEY_UILaunchScreen_Generation = YES;
				INFOPLIST_KEY_UISupportedInterfaceOrientations_iPad = "UIInterfaceOrientationPortrait UIInterfaceOrientationPortraitUpsideDown UIInterfaceOrientationLandscapeLeft UIInterfaceOrientationLandscapeRight";
				INFOPLIST_KEY_UISupportedInterfaceOrientations_iPhone = "UIInterfaceOrientationPortrait UIInterfaceOrientationLandscapeLeft UIInterfaceOrientationLandscapeRight";
				LD_RUNPATH_SEARCH_PATHS = (
					"$(inherited)",
					"@executable_path/Frameworks",
				);
				MARKETING_VERSION = 1.0;
				PRODUCT_BUNDLE_IDENTIFIER = "try.Firebase-new";
				PRODUCT_NAME = "$(TARGET_NAME)";
				SWIFT_EMIT_LOC_STRINGS = YES;
				SWIFT_VERSION = 5.0;
				TARGETED_DEVICE_FAMILY = "1,2";
			};
			name = Debug;
		};
		81E2F5CC2814611A0061B289 /* Release */ = {
			isa = XCBuildConfiguration;
			baseConfigurationReference = 640C897F1D461BCE6DE3C199 /* Pods-Firebase_new.release.xcconfig */;
			buildSettings = {
				ASSETCATALOG_COMPILER_APPICON_NAME = AppIcon;
				ASSETCATALOG_COMPILER_GLOBAL_ACCENT_COLOR_NAME = AccentColor;
				CODE_SIGN_STYLE = Automatic;
				CURRENT_PROJECT_VERSION = 1;
				DEVELOPMENT_ASSET_PATHS = "\"Firebase_new/Preview Content\"";
				DEVELOPMENT_TEAM = NV6J4U7XBC;
				ENABLE_PREVIEWS = YES;
				GENERATE_INFOPLIST_FILE = YES;
				INFOPLIST_KEY_UIApplicationSceneManifest_Generation = YES;
				INFOPLIST_KEY_UIApplicationSupportsIndirectInputEvents = YES;
				INFOPLIST_KEY_UILaunchScreen_Generation = YES;
				INFOPLIST_KEY_UISupportedInterfaceOrientations_iPad = "UIInterfaceOrientationPortrait UIInterfaceOrientationPortraitUpsideDown UIInterfaceOrientationLandscapeLeft UIInterfaceOrientationLandscapeRight";
				INFOPLIST_KEY_UISupportedInterfaceOrientations_iPhone = "UIInterfaceOrientationPortrait UIInterfaceOrientationLandscapeLeft UIInterfaceOrientationLandscapeRight";
				LD_RUNPATH_SEARCH_PATHS = (
					"$(inherited)",
					"@executable_path/Frameworks",
				);
				MARKETING_VERSION = 1.0;
				PRODUCT_BUNDLE_IDENTIFIER = "try.Firebase-new";
				PRODUCT_NAME = "$(TARGET_NAME)";
				SWIFT_EMIT_LOC_STRINGS = YES;
				SWIFT_VERSION = 5.0;
				TARGETED_DEVICE_FAMILY = "1,2";
			};
			name = Release;
		};
/* End XCBuildConfiguration section */

/* Begin XCConfigurationList section */
		81E2F5B72814611A0061B289 /* Build configuration list for PBXProject "Firebase_new" */ = {
			isa = XCConfigurationList;
			buildConfigurations = (
				81E2F5C82814611A0061B289 /* Debug */,
				81E2F5C92814611A0061B289 /* Release */,
			);
			defaultConfigurationIsVisible = 0;
			defaultConfigurationName = Release;
		};
		81E2F5CA2814611A0061B289 /* Build configuration list for PBXNativeTarget "Firebase_new" */ = {
			isa = XCConfigurationList;
			buildConfigurations = (
				81E2F5CB2814611A0061B289 /* Debug */,
				81E2F5CC2814611A0061B289 /* Release */,
			);
			defaultConfigurationIsVisible = 0;
			defaultConfigurationName = Release;
		};
/* End XCConfigurationList section */
	};
	rootObject = 81E2F5B42814611A0061B289 /* Project object */;
}
